# This file is automatically @generated by Cargo.
# It is not intended for manual editing.
version = 4

[[package]]
name = "recomp-abi"
version = "0.1.0"
source = "git+https://github.com/fearkov/3dsrecomp?rev=83e6920784baff6ebc5888ed5cfdbf9735dfbf1c#83e6920784baff6ebc5888ed5cfdbf9735dfbf1c"

[[package]]
name = "recomp3ds"
version = "0.1.0"
source = "git+https://github.com/fearkov/3dsrecomp?rev=83e6920784baff6ebc5888ed5cfdbf9735dfbf1c#83e6920784baff6ebc5888ed5cfdbf9735dfbf1c"
dependencies = [
 "recomp-abi",
]

[[package]]
name = "static-recompiler"
version = "0.1.0"
dependencies = [
 "recomp3ds",
]
